
Microsoft Visual Studio Solution File, Format Version 12.00
# Visual Studio Version 16
VisualStudioVersion = 16.0.29905.134
MinimumVisualStudioVersion = 10.0.40219.1
Project("{FAE04EC0-301F-11D3-BF4B-00C04F79EFBC}") = "Extended_Euclidean_Algorithm", "Extended_Euclidean_Algorithm\Extended_Euclidean_Algorithm.csproj", "{B78221A7-E2FA-4992-9B6C-257BE7A73C3C}"
EndProject
Global
	GlobalSection(SolutionConfigurationPlatforms) = preSolution
		Debug|Any CPU = Debug|Any CPU
		Release|Any CPU = Release|Any CPU
	EndGlobalSection
	GlobalSection(ProjectConfigurationPlatforms) = postSolution
		{B78221A7-E2FA-4992-9B6C-257BE7A73C3C}.Debug|Any CPU.ActiveCfg = Debug|Any CPU
		{B78221A7-E2FA-4992-9B6C-257BE7A73C3C}.Debug|Any CPU.Build.0 = Debug|Any CPU
		{B78221A7-E2FA-4992-9B6C-257BE7A73C3C}.Release|Any CPU.ActiveCfg = Release|Any CPU
		{B78221A7-E2FA-4992-9B6C-257BE7A73C3C}.Release|Any CPU.Build.0 = Release|Any CPU
	EndGlobalSection
	GlobalSection(SolutionProperties) = preSolution
		HideSolutionNode = FALSE
	EndGlobalSection
	GlobalSection(ExtensibilityGlobals) = postSolution
		SolutionGuid = {D64ACFD7-43F6-4C3A-B120-4BB319C9983C}
	EndGlobalSection
EndGlobal
